
Microsoft Visual Studio Solution File, Format Version 12.00
# Visual Studio Version 16
VisualStudioVersion = 16.0.32126.315
MinimumVisualStudioVersion = 10.0.40219.1
Project("{FAE04EC0-301F-11D3-BF4B-00C04F79EFBC}") = "Application", "Application\Application.csproj", "{EC944342-22C7-4E98-A77D-74A28FA652C8}"
EndProject
Project("{FAE04EC0-301F-11D3-BF4B-00C04F79EFBC}") = "Domain", "Domain\Domain.csproj", "{0E1C7756-363E-4A68-AFC6-9454873905A0}"
EndProject
Project("{FAE04EC0-301F-11D3-BF4B-00C04F79EFBC}") = "Infra.IoC", "Infra.IoC\Infra.IoC.csproj", "{1EA93058-C163-4306-A401-35A171A98FFC}"
EndProject
Project("{FAE04EC0-301F-11D3-BF4B-00C04F79EFBC}") = "MvcWebUI", "MvcWebUI\MvcWebUI.csproj", "{512FBA09-CA35-41F8-825D-0E2F605EE634}"
EndProject
Project("{FAE04EC0-301F-11D3-BF4B-00C04F79EFBC}") = "Infra.Data", "Infra.Data\Infra.Data.csproj", "{9563F9CC-7E75-4C08-9D6C-0B54D0BBB182}"
EndProject
Project("{FAE04EC0-301F-11D3-BF4B-00C04F79EFBC}") = "Domain.Tests", "Domain.Tests\Domain.Tests.csproj", "{0FFD353B-441A-4963-86E3-5018FE0B4B89}"
EndProject
Global
	GlobalSection(SolutionConfigurationPlatforms) = preSolution
		Debug|Any CPU = Debug|Any CPU
		Release|Any CPU = Release|Any CPU
	EndGlobalSection
	GlobalSection(ProjectConfigurationPlatforms) = postSolution
		{EC944342-22C7-4E98-A77D-74A28FA652C8}.Debug|Any CPU.ActiveCfg = Debug|Any CPU
		{EC944342-22C7-4E98-A77D-74A28FA652C8}.Debug|Any CPU.Build.0 = Debug|Any CPU
		{EC944342-22C7-4E98-A77D-74A28FA652C8}.Release|Any CPU.ActiveCfg = Release|Any CPU
		{EC944342-22C7-4E98-A77D-74A28FA652C8}.Release|Any CPU.Build.0 = Release|Any CPU
		{0E1C7756-363E-4A68-AFC6-9454873905A0}.Debug|Any CPU.ActiveCfg = Debug|Any CPU
		{0E1C7756-363E-4A68-AFC6-9454873905A0}.Debug|Any CPU.Build.0 = Debug|Any CPU
		{0E1C7756-363E-4A68-AFC6-9454873905A0}.Release|Any CPU.ActiveCfg = Release|Any CPU
		{0E1C7756-363E-4A68-AFC6-9454873905A0}.Release|Any CPU.Build.0 = Release|Any CPU
		{1EA93058-C163-4306-A401-35A171A98FFC}.Debug|Any CPU.ActiveCfg = Debug|Any CPU
		{1EA93058-C163-4306-A401-35A171A98FFC}.Debug|Any CPU.Build.0 = Debug|Any CPU
		{1EA93058-C163-4306-A401-35A171A98FFC}.Release|Any CPU.ActiveCfg = Release|Any CPU
		{1EA93058-C163-4306-A401-35A171A98FFC}.Release|Any CPU.Build.0 = Release|Any CPU
		{512FBA09-CA35-41F8-825D-0E2F605EE634}.Debug|Any CPU.ActiveCfg = Debug|Any CPU
		{512FBA09-CA35-41F8-825D-0E2F605EE634}.Debug|Any CPU.Build.0 = Debug|Any CPU
		{512FBA09-CA35-41F8-825D-0E2F605EE634}.Release|Any CPU.ActiveCfg = Release|Any CPU
		{512FBA09-CA35-41F8-825D-0E2F605EE634}.Release|Any CPU.Build.0 = Release|Any CPU
		{9563F9CC-7E75-4C08-9D6C-0B54D0BBB182}.Debug|Any CPU.ActiveCfg = Debug|Any CPU
		{9563F9CC-7E75-4C08-9D6C-0B54D0BBB182}.Debug|Any CPU.Build.0 = Debug|Any CPU
		{9563F9CC-7E75-4C08-9D6C-0B54D0BBB182}.Release|Any CPU.ActiveCfg = Release|Any CPU
		{9563F9CC-7E75-4C08-9D6C-0B54D0BBB182}.Release|Any CPU.Build.0 = Release|Any CPU
		{0FFD353B-441A-4963-86E3-5018FE0B4B89}.Debug|Any CPU.ActiveCfg = Debug|Any CPU
		{0FFD353B-441A-4963-86E3-5018FE0B4B89}.Debug|Any CPU.Build.0 = Debug|Any CPU
		{0FFD353B-441A-4963-86E3-5018FE0B4B89}.Release|Any CPU.ActiveCfg = Release|Any CPU
		{0FFD353B-441A-4963-86E3-5018FE0B4B89}.Release|Any CPU.Build.0 = Release|Any CPU
	EndGlobalSection
	GlobalSection(SolutionProperties) = preSolution
		HideSolutionNode = FALSE
	EndGlobalSection
	GlobalSection(ExtensibilityGlobals) = postSolution
		SolutionGuid = {F944AA1D-0CBA-441E-B4A6-83A00B0B84A5}
	EndGlobalSection
EndGlobal
